
Microsoft Visual Studio Solution File, Format Version 12.00
# Visual Studio 14
VisualStudioVersion = 14.0.25420.1
MinimumVisualStudioVersion = 10.0.40219.1
Project("{FAE04EC0-301F-11D3-BF4B-00C04F79EFBC}") = "ConsoleApplication1", "ConsoleApplication1\ConsoleApplication1.csproj", "{1955A5BA-BECE-4F5E-8694-4121DE13A13D}"
EndProject
Project("{FAE04EC0-301F-11D3-BF4B-00C04F79EFBC}") = "NpgSqlUtils", "NpgSqlDataContext\NpgSqlUtils.csproj", "{FC66CF57-3350-4825-A939-49AAE8A0F7AF}"
EndProject
Global
	GlobalSection(SolutionConfigurationPlatforms) = preSolution
		Debug|Any CPU = Debug|Any CPU
		Release|Any CPU = Release|Any CPU
	EndGlobalSection
	GlobalSection(ProjectConfigurationPlatforms) = postSolution
		{1955A5BA-BECE-4F5E-8694-4121DE13A13D}.Debug|Any CPU.ActiveCfg = Debug|Any CPU
		{1955A5BA-BECE-4F5E-8694-4121DE13A13D}.Debug|Any CPU.Build.0 = Debug|Any CPU
		{1955A5BA-BECE-4F5E-8694-4121DE13A13D}.Release|Any CPU.ActiveCfg = Release|Any CPU
		{1955A5BA-BECE-4F5E-8694-4121DE13A13D}.Release|Any CPU.Build.0 = Release|Any CPU
		{FC66CF57-3350-4825-A939-49AAE8A0F7AF}.Debug|Any CPU.ActiveCfg = Debug|Any CPU
		{FC66CF57-3350-4825-A939-49AAE8A0F7AF}.Debug|Any CPU.Build.0 = Debug|Any CPU
		{FC66CF57-3350-4825-A939-49AAE8A0F7AF}.Release|Any CPU.ActiveCfg = Release|Any CPU
		{FC66CF57-3350-4825-A939-49AAE8A0F7AF}.Release|Any CPU.Build.0 = Release|Any CPU
	EndGlobalSection
	GlobalSection(SolutionProperties) = preSolution
		HideSolutionNode = FALSE
	EndGlobalSection
EndGlobal
